
Microsoft Visual Studio Solution File, Format Version 12.00
# Visual Studio 15
VisualStudioVersion = 15.0.27703.2000
MinimumVisualStudioVersion = 10.0.40219.1
Project("{F184B08F-C81C-45F6-A57F-5ABD9991F28F}") = "VB-Arduino", "VB-Arduino\VB-Arduino.vbproj", "{CB1D23BA-32A5-4638-A651-BC70AAE2D482}"
EndProject
Global
	GlobalSection(SolutionConfigurationPlatforms) = preSolution
		Debug|Any CPU = Debug|Any CPU
		Release|Any CPU = Release|Any CPU
	EndGlobalSection
	GlobalSection(ProjectConfigurationPlatforms) = postSolution
		{CB1D23BA-32A5-4638-A651-BC70AAE2D482}.Debug|Any CPU.ActiveCfg = Debug|Any CPU
		{CB1D23BA-32A5-4638-A651-BC70AAE2D482}.Debug|Any CPU.Build.0 = Debug|Any CPU
		{CB1D23BA-32A5-4638-A651-BC70AAE2D482}.Release|Any CPU.ActiveCfg = Release|Any CPU
		{CB1D23BA-32A5-4638-A651-BC70AAE2D482}.Release|Any CPU.Build.0 = Release|Any CPU
	EndGlobalSection
	GlobalSection(SolutionProperties) = preSolution
		HideSolutionNode = FALSE
	EndGlobalSection
	GlobalSection(ExtensibilityGlobals) = postSolution
		SolutionGuid = {55FB1E2C-4613-45F0-8B22-82D6E307A9C1}
	EndGlobalSection
EndGlobal
